
Microsoft Visual Studio Solution File, Format Version 12.00
# Visual Studio Version 16
VisualStudioVersion = 16.0.30011.22
MinimumVisualStudioVersion = 10.0.40219.1
Project("{9A19103F-16F7-4668-BE54-9A1E7A4F7556}") = "EgitimPortalProject.WebAPI", "EgitimPortalProject.WebAPI\EgitimPortalProject.WebAPI.csproj", "{1C68CC56-FD3C-45EC-BAF5-CAD22C4DA42A}"
EndProject
Project("{9A19103F-16F7-4668-BE54-9A1E7A4F7556}") = "EgitimPortalProject.Core", "EgitimPortalProject.Core\EgitimPortalProject.Core.csproj", "{90C5C2F4-BC5D-481B-A47A-BA9D17850139}"
EndProject
Project("{9A19103F-16F7-4668-BE54-9A1E7A4F7556}") = "EgitimPortalProject.Business", "EgitimPortalProject.Business\EgitimPortalProject.Business.csproj", "{EDF37907-7B91-458A-9DA4-B3DF53E5441B}"
EndProject
Project("{9A19103F-16F7-4668-BE54-9A1E7A4F7556}") = "EgitimPortalProject.DataAccess", "EgitimPortalProject.DataAccess\EgitimPortalProject.DataAccess.csproj", "{C35461A0-EB5C-428C-96F0-606CB8AD437F}"
EndProject
Project("{9A19103F-16F7-4668-BE54-9A1E7A4F7556}") = "EgitimPortalProject.Entities", "EgitimPortalProject.Entities\EgitimPortalProject.Entities.csproj", "{52880BD5-8BC1-4838-9147-32599DCBEB8D}"
EndProject
Project("{9A19103F-16F7-4668-BE54-9A1E7A4F7556}") = "EgitimPortalProject.ElasticSearch", "EgitimPortalProject.ElasticSearch\EgitimPortalProject.ElasticSearch.csproj", "{CAC8D126-DE10-45F9-80F4-B24D2794DFBB}"
EndProject
Project("{9A19103F-16F7-4668-BE54-9A1E7A4F7556}") = "EgitimPortalProject.Hangfire", "EgitimPortalProject.Hangfire\EgitimPortalProject.Hangfire.csproj", "{C4E9C207-B763-43B9-8D26-1438E93B8F74}"
EndProject
Project("{9A19103F-16F7-4668-BE54-9A1E7A4F7556}") = "EgitimPortalProject.RepoDB", "EgitimPortalProject.RepoDB\EgitimPortalProject.RepoDB.csproj", "{D61AD1B0-4778-4932-B300-DA624E5AC9AF}"
EndProject
Project("{9A19103F-16F7-4668-BE54-9A1E7A4F7556}") = "EgitimPortalProject.RabbitMQ", "EgitimPortalProject.RabbitMQ\EgitimPortalProject.RabbitMQ.csproj", "{37EA10E8-18B6-4BDF-9F5D-72B90DB9DD6A}"
EndProject
Project("{9A19103F-16F7-4668-BE54-9A1E7A4F7556}") = "EgitimPortalProject.EfMigrationTools", "EgitimPortalProject.EfMigrationTools\EgitimPortalProject.EfMigrationTools.csproj", "{70ED44CD-0F0A-4ED2-A944-D76B908D68BE}"
EndProject
Global
	GlobalSection(SolutionConfigurationPlatforms) = preSolution
		Debug|Any CPU = Debug|Any CPU
		Release|Any CPU = Release|Any CPU
	EndGlobalSection
	GlobalSection(ProjectConfigurationPlatforms) = postSolution
		{1C68CC56-FD3C-45EC-BAF5-CAD22C4DA42A}.Debug|Any CPU.ActiveCfg = Debug|Any CPU
		{1C68CC56-FD3C-45EC-BAF5-CAD22C4DA42A}.Debug|Any CPU.Build.0 = Debug|Any CPU
		{1C68CC56-FD3C-45EC-BAF5-CAD22C4DA42A}.Release|Any CPU.ActiveCfg = Release|Any CPU
		{1C68CC56-FD3C-45EC-BAF5-CAD22C4DA42A}.Release|Any CPU.Build.0 = Release|Any CPU
		{90C5C2F4-BC5D-481B-A47A-BA9D17850139}.Debug|Any CPU.ActiveCfg = Debug|Any CPU
		{90C5C2F4-BC5D-481B-A47A-BA9D17850139}.Debug|Any CPU.Build.0 = Debug|Any CPU
		{90C5C2F4-BC5D-481B-A47A-BA9D17850139}.Release|Any CPU.ActiveCfg = Release|Any CPU
		{90C5C2F4-BC5D-481B-A47A-BA9D17850139}.Release|Any CPU.Build.0 = Release|Any CPU
		{EDF37907-7B91-458A-9DA4-B3DF53E5441B}.Debug|Any CPU.ActiveCfg = Debug|Any CPU
		{EDF37907-7B91-458A-9DA4-B3DF53E5441B}.Debug|Any CPU.Build.0 = Debug|Any CPU
		{EDF37907-7B91-458A-9DA4-B3DF53E5441B}.Release|Any CPU.ActiveCfg = Release|Any CPU
		{EDF37907-7B91-458A-9DA4-B3DF53E5441B}.Release|Any CPU.Build.0 = Release|Any CPU
		{C35461A0-EB5C-428C-96F0-606CB8AD437F}.Debug|Any CPU.ActiveCfg = Debug|Any CPU
		{C35461A0-EB5C-428C-96F0-606CB8AD437F}.Debug|Any CPU.Build.0 = Debug|Any CPU
		{C35461A0-EB5C-428C-96F0-606CB8AD437F}.Release|Any CPU.ActiveCfg = Release|Any CPU
		{C35461A0-EB5C-428C-96F0-606CB8AD437F}.Release|Any CPU.Build.0 = Release|Any CPU
		{52880BD5-8BC1-4838-9147-32599DCBEB8D}.Debug|Any CPU.ActiveCfg = Debug|Any CPU
		{52880BD5-8BC1-4838-9147-32599DCBEB8D}.Debug|Any CPU.Build.0 = Debug|Any CPU
		{52880BD5-8BC1-4838-9147-32599DCBEB8D}.Release|Any CPU.ActiveCfg = Release|Any CPU
		{52880BD5-8BC1-4838-9147-32599DCBEB8D}.Release|Any CPU.Build.0 = Release|Any CPU
		{CAC8D126-DE10-45F9-80F4-B24D2794DFBB}.Debug|Any CPU.ActiveCfg = Debug|Any CPU
		{CAC8D126-DE10-45F9-80F4-B24D2794DFBB}.Debug|Any CPU.Build.0 = Debug|Any CPU
		{CAC8D126-DE10-45F9-80F4-B24D2794DFBB}.Release|Any CPU.ActiveCfg = Release|Any CPU
		{CAC8D126-DE10-45F9-80F4-B24D2794DFBB}.Release|Any CPU.Build.0 = Release|Any CPU
		{C4E9C207-B763-43B9-8D26-1438E93B8F74}.Debug|Any CPU.ActiveCfg = Debug|Any CPU
		{C4E9C207-B763-43B9-8D26-1438E93B8F74}.Debug|Any CPU.Build.0 = Debug|Any CPU
		{C4E9C207-B763-43B9-8D26-1438E93B8F74}.Release|Any CPU.ActiveCfg = Release|Any CPU
		{C4E9C207-B763-43B9-8D26-1438E93B8F74}.Release|Any CPU.Build.0 = Release|Any CPU
		{D61AD1B0-4778-4932-B300-DA624E5AC9AF}.Debug|Any CPU.ActiveCfg = Debug|Any CPU
		{D61AD1B0-4778-4932-B300-DA624E5AC9AF}.Debug|Any CPU.Build.0 = Debug|Any CPU
		{D61AD1B0-4778-4932-B300-DA624E5AC9AF}.Release|Any CPU.ActiveCfg = Release|Any CPU
		{D61AD1B0-4778-4932-B300-DA624E5AC9AF}.Release|Any CPU.Build.0 = Release|Any CPU
		{37EA10E8-18B6-4BDF-9F5D-72B90DB9DD6A}.Debug|Any CPU.ActiveCfg = Debug|Any CPU
		{37EA10E8-18B6-4BDF-9F5D-72B90DB9DD6A}.Debug|Any CPU.Build.0 = Debug|Any CPU
		{37EA10E8-18B6-4BDF-9F5D-72B90DB9DD6A}.Release|Any CPU.ActiveCfg = Release|Any CPU
		{37EA10E8-18B6-4BDF-9F5D-72B90DB9DD6A}.Release|Any CPU.Build.0 = Release|Any CPU
		{70ED44CD-0F0A-4ED2-A944-D76B908D68BE}.Debug|Any CPU.ActiveCfg = Debug|Any CPU
		{70ED44CD-0F0A-4ED2-A944-D76B908D68BE}.Debug|Any CPU.Build.0 = Debug|Any CPU
		{70ED44CD-0F0A-4ED2-A944-D76B908D68BE}.Release|Any CPU.ActiveCfg = Release|Any CPU
		{70ED44CD-0F0A-4ED2-A944-D76B908D68BE}.Release|Any CPU.Build.0 = Release|Any CPU
	EndGlobalSection
	GlobalSection(SolutionProperties) = preSolution
		HideSolutionNode = FALSE
	EndGlobalSection
	GlobalSection(ExtensibilityGlobals) = postSolution
		SolutionGuid = {E5180D72-4EF5-42BF-99BE-B98AC5D77EF9}
	EndGlobalSection
EndGlobal
